
Microsoft Visual Studio Solution File, Format Version 12.00
# Visual Studio 2015
Project("{FAE04EC0-301F-11D3-BF4B-00C04F79EFBC}") = "Useful Unity Assets.CSharp", "Useful Unity Assets.CSharp.csproj", "{C044ADA7-4716-CC93-8C89-A9DBA1BF7F08}"
EndProject
Project("{FAE04EC0-301F-11D3-BF4B-00C04F79EFBC}") = "Useful Unity Assets.CSharp.Editor", "Useful Unity Assets.CSharp.Editor.csproj", "{FB7E0623-B162-5B8A-4952-C1BAAE312BB3}"
EndProject
Global
	GlobalSection(SolutionConfigurationPlatforms) = preSolution
		Debug|Any CPU = Debug|Any CPU
		Release|Any CPU = Release|Any CPU
	EndGlobalSection
	GlobalSection(ProjectConfigurationPlatforms) = postSolution
		{C044ADA7-4716-CC93-8C89-A9DBA1BF7F08}.Debug|Any CPU.ActiveCfg = Debug|Any CPU
		{C044ADA7-4716-CC93-8C89-A9DBA1BF7F08}.Debug|Any CPU.Build.0 = Debug|Any CPU
		{C044ADA7-4716-CC93-8C89-A9DBA1BF7F08}.Release|Any CPU.ActiveCfg = Release|Any CPU
		{C044ADA7-4716-CC93-8C89-A9DBA1BF7F08}.Release|Any CPU.Build.0 = Release|Any CPU
		{FB7E0623-B162-5B8A-4952-C1BAAE312BB3}.Debug|Any CPU.ActiveCfg = Debug|Any CPU
		{FB7E0623-B162-5B8A-4952-C1BAAE312BB3}.Debug|Any CPU.Build.0 = Debug|Any CPU
		{FB7E0623-B162-5B8A-4952-C1BAAE312BB3}.Release|Any CPU.ActiveCfg = Release|Any CPU
		{FB7E0623-B162-5B8A-4952-C1BAAE312BB3}.Release|Any CPU.Build.0 = Release|Any CPU
	EndGlobalSection
	GlobalSection(SolutionProperties) = preSolution
		HideSolutionNode = FALSE
	EndGlobalSection
EndGlobal
